github.com/porteconj/pej_blog_theme v0.0.0-20200321083603-50122ef373a0 h1:jY5jgdIfpsyO1LPeZ92CW6lXkidsOPaXXgY6iDz5B6I=
github.com/porteconj/pej_blog_theme v0.0.0-20200321083603-50122ef373a0/go.mod h1:/JCYeJuQjItUD2ZL2jGUdMRCkm8i+9qcUJl1c8JVPvU=
github.com/porteconj/research_report v0.0.0-20200321123207-0f86ad59ad39 h1:FrwOo0AjFSavj6aQZWK0Ur0hUzvHvdNQJhtTbzyemS8=
github.com/porteconj/research_report v0.0.0-20200321123207-0f86ad59ad39/go.mod h1:9HYP6KWtIBrQ6vj1Sx21ZFrSLEqlePV0fSqL8imFgu0=
